// !$*UTF8*$!
{
	archiveVersion = 1;
	classes = {
	};
	objectVersion = 46;
	objects = {

/* Begin PBXBuildFile section */
		42ACE76C1D80414F00D36CE2 /* AppDelegate.swift in Sources */ = {isa = PBXBuildFile; fileRef = 42ACE76B1D80414F00D36CE2 /* AppDelegate.swift */; };
		42ACE76E1D80414F00D36CE2 /* ViewController.swift in Sources */ = {isa = PBXBuildFile; fileRef = 42ACE76D1D80414F00D36CE2 /* ViewController.swift */; };
		42ACE7711D80414F00D36CE2 /* Main.storyboard in Resources */ = {isa = PBXBuildFile; fileRef = 42ACE76F1D80414F00D36CE2 /* Main.storyboard */; };
		42ACE7731D80414F00D36CE2 /* Assets.xcassets in Resources */ = {isa = PBXBuildFile; fileRef = 42ACE7721D80414F00D36CE2 /* Assets.xcassets */; };
		42ACE7761D80414F00D36CE2 /* LaunchScreen.storyboard in Resources */ = {isa = PBXBuildFile; fileRef = 42ACE7741D80414F00D36CE2 /* LaunchScreen.storyboard */; };
		42ACE7841D80416F00D36CE2 /* NotificationCenter.framework in Frameworks */ = {isa = PBXBuildFile; fileRef = 42ACE7831D80416F00D36CE2 /* NotificationCenter.framework */; };
		42ACE7881D80416F00D36CE2 /* TodayViewController.m in Sources */ = {isa = PBXBuildFile; fileRef = 42ACE7871D80416F00D36CE2 /* TodayViewController.m */; };
		42ACE78B1D80416F00D36CE2 /* MainInterface.storyboard in Resources */ = {isa = PBXBuildFile; fileRef = 42ACE7891D80416F00D36CE2 /* MainInterface.storyboard */; };
		42ACE78F1D80416F00D36CE2 /* Widget.appex in Embed App Extensions */ = {isa = PBXBuildFile; fileRef = 42ACE7811D80416F00D36CE2 /* Widget.appex */; settings = {ATTRIBUTES = (RemoveHeadersOnCopy, ); }; };
/* End PBXBuildFile section */

/* Begin PBXContainerItemProxy section */
		42ACE78D1D80416F00D36CE2 /* PBXContainerItemProxy */ = {
			isa = PBXContainerItemProxy;
			containerPortal = 42ACE7601D80414F00D36CE2 /* Project object */;
			proxyType = 1;
			remoteGlobalIDString = 42ACE7801D80416F00D36CE2;
			remoteInfo = Widget;
		};
/* End PBXContainerItemProxy section */

/* Begin PBXCopyFilesBuildPhase section */
		42ACE7931D80416F00D36CE2 /* Embed App Extensions */ = {
			isa = PBXCopyFilesBuildPhase;
			buildActionMask = 2147483647;
			dstPath = "";
			dstSubfolderSpec = 13;
			files = (
				42ACE78F1D80416F00D36CE2 /* Widget.appex in Embed App Extensions */,
			);
			name = "Embed App Extensions";
			runOnlyForDeploymentPostprocessing = 0;
		};
/* End PBXCopyFilesBuildPhase section */

/* Begin PBXFileReference section */
		42ACE7681D80414F00D36CE2 /* WidgetIssue.app */ = {isa = PBXFileReference; explicitFileType = wrapper.application; includeInIndex = 0; path = WidgetIssue.app; sourceTree = BUILT_PRODUCTS_DIR; };
		42ACE76B1D80414F00D36CE2 /* AppDelegate.swift */ = {isa = PBXFileReference; lastKnownFileType = sourcecode.swift; path = AppDelegate.swift; sourceTree = "<group>"; };
		42ACE76D1D80414F00D36CE2 /* ViewController.swift */ = {isa = PBXFileReference; lastKnownFileType = sourcecode.swift; path = ViewController.swift; sourceTree = "<group>"; };
		42ACE7701D80414F00D36CE2 /* Base */ = {isa = PBXFileReference; lastKnownFileType = file.storyboard; name = Base; path = Base.lproj/Main.storyboard; sourceTree = "<group>"; };
		42ACE7721D80414F00D36CE2 /* Assets.xcassets */ = {isa = PBXFileReference; lastKnownFileType = folder.assetcatalog; path = Assets.xcassets; sourceTree = "<group>"; };
		42ACE7751D80414F00D36CE2 /* Base */ = {isa = PBXFileReference; lastKnownFileType = file.storyboard; name = Base; path = Base.lproj/LaunchScreen.storyboard; sourceTree = "<group>"; };
		42ACE7771D80414F00D36CE2 /* Info.plist */ = {isa = PBXFileReference; lastKnownFileType = text.plist.xml; path = Info.plist; sourceTree = "<group>"; };
		42ACE7811D80416F00D36CE2 /* Widget.appex */ = {isa = PBXFileReference; explicitFileType = "wrapper.app-extension"; includeInIndex = 0; path = Widget.appex; sourceTree = BUILT_PRODUCTS_DIR; };
		42ACE7831D80416F00D36CE2 /* NotificationCenter.framework */ = {isa = PBXFileReference; lastKnownFileType = wrapper.framework; name = NotificationCenter.framework; path = System/Library/Frameworks/NotificationCenter.framework; sourceTree = SDKROOT; };
		42ACE7861D80416F00D36CE2 /* TodayViewController.h */ = {isa = PBXFileReference; lastKnownFileType = sourcecode.c.h; path = TodayViewController.h; sourceTree = "<group>"; };
		42ACE7871D80416F00D36CE2 /* TodayViewController.m */ = {isa = PBXFileReference; lastKnownFileType = sourcecode.c.objc; path = TodayViewController.m; sourceTree = "<group>"; };
		42ACE78A1D80416F00D36CE2 /* Base */ = {isa = PBXFileReference; lastKnownFileType = file.storyboard; name = Base; path = Base.lproj/MainInterface.storyboard; sourceTree = "<group>"; };
		42ACE78C1D80416F00D36CE2 /* Info.plist */ = {isa = PBXFileReference; lastKnownFileType = text.plist.xml; path = Info.plist; sourceTree = "<group>"; };
/* End PBXFileReference section */

/* Begin PBXFrameworksBuildPhase section */
		42ACE7651D80414F00D36CE2 /* Frameworks */ = {
			isa = PBXFrameworksBuildPhase;
			buildActionMask = 2147483647;
			files = (
			);
			runOnlyForDeploymentPostprocessing = 0;
		};
		42ACE77E1D80416F00D36CE2 /* Frameworks */ = {
			isa = PBXFrameworksBuildPhase;
			buildActionMask = 2147483647;
			files = (
				42ACE7841D80416F00D36CE2 /* NotificationCenter.framework in Frameworks */,
			);
			runOnlyForDeploymentPostprocessing = 0;
		};
/* End PBXFrameworksBuildPhase section */

/* Begin PBXGroup section */
		42ACE75F1D80414F00D36CE2 = {
			isa = PBXGroup;
			children = (
				42ACE76A1D80414F00D36CE2 /* WidgetIssue */,
				42ACE7851D80416F00D36CE2 /* Widget */,
				42ACE7821D80416F00D36CE2 /* Frameworks */,
				42ACE7691D80414F00D36CE2 /* Products */,
			);
			sourceTree = "<group>";
		};
		42ACE7691D80414F00D36CE2 /* Products */ = {
			isa = PBXGroup;
			children = (
				42ACE7681D80414F00D36CE2 /* WidgetIssue.app */,
				42ACE7811D80416F00D36CE2 /* Widget.appex */,
			);
			name = Products;
			sourceTree = "<group>";
		};
		42ACE76A1D80414F00D36CE2 /* WidgetIssue */ = {
			isa = PBXGroup;
			children = (
				42ACE76B1D80414F00D36CE2 /* AppDelegate.swift */,
				42ACE76D1D80414F00D36CE2 /* ViewController.swift */,
				42ACE76F1D80414F00D36CE2 /* Main.storyboard */,
				42ACE7721D80414F00D36CE2 /* Assets.xcassets */,
				42ACE7741D80414F00D36CE2 /* LaunchScreen.storyboard */,
				42ACE7771D80414F00D36CE2 /* Info.plist */,
			);
			path = WidgetIssue;
			sourceTree = "<group>";
		};
		42ACE7821D80416F00D36CE2 /* Frameworks */ = {
			isa = PBXGroup;
			children = (
				42ACE7831D80416F00D36CE2 /* NotificationCenter.framework */,
			);
			name = Frameworks;
			sourceTree = "<group>";
		};
		42ACE7851D80416F00D36CE2 /* Widget */ = {
			isa = PBXGroup;
			children = (
				42ACE7861D80416F00D36CE2 /* TodayViewController.h */,
				42ACE7871D80416F00D36CE2 /* TodayViewController.m */,
				42ACE7891D80416F00D36CE2 /* MainInterface.storyboard */,
				42ACE78C1D80416F00D36CE2 /* Info.plist */,
			);
			path = Widget;
			sourceTree = "<group>";
		};
/* End PBXGroup section */

/* Begin PBXNativeTarget section */
		42ACE7671D80414F00D36CE2 /* WidgetIssue */ = {
			isa = PBXNativeTarget;
			buildConfigurationList = 42ACE77A1D80414F00D36CE2 /* Build configuration list for PBXNativeTarget "WidgetIssue" */;
			buildPhases = (
				42ACE7641D80414F00D36CE2 /* Sources */,
				42ACE7651D80414F00D36CE2 /* Frameworks */,
				42ACE7661D80414F00D36CE2 /* Resources */,
				42ACE7931D80416F00D36CE2 /* Embed App Extensions */,
			);
			buildRules = (
			);
			dependencies = (
				42ACE78E1D80416F00D36CE2 /* PBXTargetDependency */,
			);
			name = WidgetIssue;
			productName = WidgetIssue;
			productReference = 42ACE7681D80414F00D36CE2 /* WidgetIssue.app */;
			productType = "com.apple.product-type.application";
		};
		42ACE7801D80416F00D36CE2 /* Widget */ = {
			isa = PBXNativeTarget;
			buildConfigurationList = 42ACE7901D80416F00D36CE2 /* Build configuration list for PBXNativeTarget "Widget" */;
			buildPhases = (
				42ACE77D1D80416F00D36CE2 /* Sources */,
				42ACE77E1D80416F00D36CE2 /* Frameworks */,
				42ACE77F1D80416F00D36CE2 /* Resources */,
			);
			buildRules = (
			);
			dependencies = (
			);
			name = Widget;
			productName = Widget;
			productReference = 42ACE7811D80416F00D36CE2 /* Widget.appex */;
			productType = "com.apple.product-type.app-extension";
		};
/* End PBXNativeTarget section */

/* Begin PBXProject section */
		42ACE7601D80414F00D36CE2 /* Project object */ = {
			isa = PBXProject;
			attributes = {
				LastSwiftUpdateCheck = 0730;
				LastUpgradeCheck = 0730;
				ORGANIZATIONNAME = "Ruud Puts";
				TargetAttributes = {
					42ACE7671D80414F00D36CE2 = {
						CreatedOnToolsVersion = 7.3.1;
					};
					42ACE7801D80416F00D36CE2 = {
						CreatedOnToolsVersion = 7.3.1;
					};
				};
			};
			buildConfigurationList = 42ACE7631D80414F00D36CE2 /* Build configuration list for PBXProject "WidgetIssue" */;
			compatibilityVersion = "Xcode 3.2";
			developmentRegion = English;
			hasScannedForEncodings = 0;
			knownRegions = (
				en,
				Base,
			);
			mainGroup = 42ACE75F1D80414F00D36CE2;
			productRefGroup = 42ACE7691D80414F00D36CE2 /* Products */;
			projectDirPath = "";
			projectRoot = "";
			targets = (
				42ACE7671D80414F00D36CE2 /* WidgetIssue */,
				42ACE7801D80416F00D36CE2 /* Widget */,
			);
		};
/* End PBXProject section */

/* Begin PBXResourcesBuildPhase section */
		42ACE7661D80414F00D36CE2 /* Resources */ = {
			isa = PBXResourcesBuildPhase;
			buildActionMask = 2147483647;
			files = (
				42ACE7761D80414F00D36CE2 /* LaunchScreen.storyboard in Resources */,
				42ACE7731D80414F00D36CE2 /* Assets.xcassets in Resources */,
				42ACE7711D80414F00D36CE2 /* Main.storyboard in Resources */,
			);
			runOnlyForDeploymentPostprocessing = 0;
		};
		42ACE77F1D80416F00D36CE2 /* Resources */ = {
			isa = PBXResourcesBuildPhase;
			buildActionMask = 2147483647;
			files = (
				42ACE78B1D80416F00D36CE2 /* MainInterface.storyboard in Resources */,
			);
			runOnlyForDeploymentPostprocessing = 0;
		};
/* End PBXResourcesBuildPhase section */

/* Begin PBXSourcesBuildPhase section */
		42ACE7641D80414F00D36CE2 /* Sources */ = {
			isa = PBXSourcesBuildPhase;
			buildActionMask = 2147483647;
			files = (
				42ACE76E1D80414F00D36CE2 /* ViewController.swift in Sources */,
				42ACE76C1D80414F00D36CE2 /* AppDelegate.swift in Sources */,
			);
			runOnlyForDeploymentPostprocessing = 0;
		};
		42ACE77D1D80416F00D36CE2 /* Sources */ = {
			isa = PBXSourcesBuildPhase;
			buildActionMask = 2147483647;
			files = (
				42ACE7881D80416F00D36CE2 /* TodayViewController.m in Sources */,
			);
			runOnlyForDeploymentPostprocessing = 0;
		};
/* End PBXSourcesBuildPhase section */

/* Begin PBXTargetDependency section */
		42ACE78E1D80416F00D36CE2 /* PBXTargetDependency */ = {
			isa = PBXTargetDependency;
			target = 42ACE7801D80416F00D36CE2 /* Widget */;
			targetProxy = 42ACE78D1D80416F00D36CE2 /* PBXContainerItemProxy */;
		};
/* End PBXTargetDependency section */

/* Begin PBXVariantGroup section */
		42ACE76F1D80414F00D36CE2 /* Main.storyboard */ = {
			isa = PBXVariantGroup;
			children = (
				42ACE7701D80414F00D36CE2 /* Base */,
			);
			name = Main.storyboard;
			sourceTree = "<group>";
		};
		42ACE7741D80414F00D36CE2 /* LaunchScreen.storyboard */ = {
			isa = PBXVariantGroup;
			children = (
				42ACE7751D80414F00D36CE2 /* Base */,
			);
			name = LaunchScreen.storyboard;
			sourceTree = "<group>";
		};
		42ACE7891D80416F00D36CE2 /* MainInterface.storyboard */ = {
			isa = PBXVariantGroup;
			children = (
				42ACE78A1D80416F00D36CE2 /* Base */,
			);
			name = MainInterface.storyboard;
			sourceTree = "<group>";
		};
/* End PBXVariantGroup section */

/* Begin XCBuildConfiguration section */
		42ACE7781D80414F00D36CE2 /* Debug */ = {
			isa = XCBuildConfiguration;
			buildSettings = {
				ALWAYS_SEARCH_USER_PATHS = NO;
				CLANG_ANALYZER_NONNULL = YES;
				CLANG_CXX_LANGUAGE_STANDARD = "gnu++0x";
				CLANG_CXX_LIBRARY = "libc++";
				CLANG_ENABLE_MODULES = YES;
				CLANG_ENABLE_OBJC_ARC = YES;
				CLANG_WARN_BOOL_CONVERSION = YES;
				CLANG_WARN_CONSTANT_CONVERSION = YES;
				CLANG_WARN_DIRECT_OBJC_ISA_USAGE = YES_ERROR;
				CLANG_WARN_EMPTY_BODY = YES;
				CLANG_WARN_ENUM_CONVERSION = YES;
				CLANG_WARN_INT_CONVERSION = YES;
				CLANG_WARN_OBJC_ROOT_CLASS = YES_ERROR;
				CLANG_WARN_UNREACHABLE_CODE = YES;
				CLANG_WARN__DUPLICATE_METHOD_MATCH = YES;
				"CODE_SIGN_IDENTITY[sdk=iphoneos*]" = "iPhone Developer";
				COPY_PHASE_STRIP = NO;
				DEBUG_INFORMATION_FORMAT = dwarf;
				ENABLE_STRICT_OBJC_MSGSEND = YES;
				ENABLE_TESTABILITY = YES;
				GCC_C_LANGUAGE_STANDARD = gnu99;
				GCC_DYNAMIC_NO_PIC = NO;
				GCC_NO_COMMON_BLOCKS = YES;
				GCC_OPTIMIZATION_LEVEL = 0;
				GCC_PREPROCESSOR_DEFINITIONS = (
					"DEBUG=1",
					"$(inherited)",
				);
				GCC_WARN_64_TO_32_BIT_CONVERSION = YES;
				GCC_WARN_ABOUT_RETURN_TYPE = YES_ERROR;
				GCC_WARN_UNDECLARED_SELECTOR = YES;
				GCC_WARN_UNINITIALIZED_AUTOS = YES_AGGRESSIVE;
				GCC_WARN_UNUSED_FUNCTION = YES;
				GCC_WARN_UNUSED_VARIABLE = YES;
				IPHONEOS_DEPLOYMENT_TARGET = 9.3;
				MTL_ENABLE_DEBUG_INFO = YES;
				ONLY_ACTIVE_ARCH = YES;
				SDKROOT = iphoneos;
				SWIFT_OPTIMIZATION_LEVEL = "-Onone";
				TARGETED_DEVICE_FAMILY = "1,2";
			};
			name = Debug;
		};
		42ACE7791D80414F00D36CE2 /* Release */ = {
			isa = XCBuildConfiguration;
			buildSettings = {
				ALWAYS_SEARCH_USER_PATHS = NO;
				CLANG_ANALYZER_NONNULL = YES;
				CLANG_CXX_LANGUAGE_STANDARD = "gnu++0x";
				CLANG_CXX_LIBRARY = "libc++";
				CLANG_ENABLE_MODULES = YES;
				CLANG_ENABLE_OBJC_ARC = YES;
				CLANG_WARN_BOOL_CONVERSION = YES;
				CLANG_WARN_CONSTANT_CONVERSION = YES;
				CLANG_WARN_DIRECT_OBJC_ISA_USAGE = YES_ERROR;
				CLANG_WARN_EMPTY_BODY = YES;
				CLANG_WARN_ENUM_CONVERSION = YES;
				CLANG_WARN_INT_CONVERSION = YES;
				CLANG_WARN_OBJC_ROOT_CLASS = YES_ERROR;
				CLANG_WARN_UNREACHABLE_CODE = YES;
				CLANG_WARN__DUPLICATE_METHOD_MATCH = YES;
				"CODE_SIGN_IDENTITY[sdk=iphoneos*]" = "iPhone Developer";
				COPY_PHASE_STRIP = NO;
				DEBUG_INFORMATION_FORMAT = "dwarf-with-dsym";
				ENABLE_NS_ASSERTIONS = NO;
				ENABLE_STRICT_OBJC_MSGSEND = YES;
				GCC_C_LANGUAGE_STANDARD = gnu99;
				GCC_NO_COMMON_BLOCKS = YES;
				GCC_WARN_64_TO_32_BIT_CONVERSION = YES;
				GCC_WARN_ABOUT_RETURN_TYPE = YES_ERROR;
				GCC_WARN_UNDECLARED_SELECTOR = YES;
				GCC_WARN_UNINITIALIZED_AUTOS = YES_AGGRESSIVE;
				GCC_WARN_UNUSED_FUNCTION = YES;
				GCC_WARN_UNUSED_VARIABLE = YES;
				IPHONEOS_DEPLOYMENT_TARGET = 9.3;
				MTL_ENABLE_DEBUG_INFO = NO;
				SDKROOT = iphoneos;
				TARGETED_DEVICE_FAMILY = "1,2";
				VALIDATE_PRODUCT = YES;
			};
			name = Release;
		};
		42ACE77B1D80414F00D36CE2 /* Debug */ = {
			isa = XCBuildConfiguration;
			buildSettings = {
				ASSETCATALOG_COMPILER_APPICON_NAME = AppIcon;
				INFOPLIST_FILE = WidgetIssue/Info.plist;
				LD_RUNPATH_SEARCH_PATHS = "$(inherited) @executable_path/Frameworks";
				PRODUCT_BUNDLE_IDENTIFIER = com.ruudputs.WidgetIssue;
				PRODUCT_NAME = "$(TARGET_NAME)";
			};
			name = Debug;
		};
		42ACE77C1D80414F00D36CE2 /* Release */ = {
			isa = XCBuildConfiguration;
			buildSettings = {
				ASSETCATALOG_COMPILER_APPICON_NAME = AppIcon;
				INFOPLIST_FILE = WidgetIssue/Info.plist;
				LD_RUNPATH_SEARCH_PATHS = "$(inherited) @executable_path/Frameworks";
				PRODUCT_BUNDLE_IDENTIFIER = com.ruudputs.WidgetIssue;
				PRODUCT_NAME = "$(TARGET_NAME)";
			};
			name = Release;
		};
		42ACE7911D80416F00D36CE2 /* Debug */ = {
			isa = XCBuildConfiguration;
			buildSettings = {
				INFOPLIST_FILE = Widget/Info.plist;
				LD_RUNPATH_SEARCH_PATHS = "$(inherited) @executable_path/Frameworks @executable_path/../../Frameworks";
				PRODUCT_BUNDLE_IDENTIFIER = com.ruudputs.WidgetIssue.Widget;
				PRODUCT_NAME = "$(TARGET_NAME)";
				SKIP_INSTALL = YES;
			};
			name = Debug;
		};
		42ACE7921D80416F00D36CE2 /* Release */ = {
			isa = XCBuildConfiguration;
			buildSettings = {
				INFOPLIST_FILE = Widget/Info.plist;
				LD_RUNPATH_SEARCH_PATHS = "$(inherited) @executable_path/Frameworks @executable_path/../../Frameworks";
				PRODUCT_BUNDLE_IDENTIFIER = com.ruudputs.WidgetIssue.Widget;
				PRODUCT_NAME = "$(TARGET_NAME)";
				SKIP_INSTALL = YES;
			};
			name = Release;
		};
/* End XCBuildConfiguration section */

/* Begin XCConfigurationList section */
		42ACE7631D80414F00D36CE2 /* Build configuration list for PBXProject "WidgetIssue" */ = {
			isa = XCConfigurationList;
			buildConfigurations = (
				42ACE7781D80414F00D36CE2 /* Debug */,
				42ACE7791D80414F00D36CE2 /* Release */,
			);
			defaultConfigurationIsVisible = 0;
			defaultConfigurationName = Release;
		};
		42ACE77A1D80414F00D36CE2 /* Build configuration list for PBXNativeTarget "WidgetIssue" */ = {
			isa = XCConfigurationList;
			buildConfigurations = (
				42ACE77B1D80414F00D36CE2 /* Debug */,
				42ACE77C1D80414F00D36CE2 /* Release */,
			);
			defaultConfigurationIsVisible = 0;
			defaultConfigurationName = Release;
		};
		42ACE7901D80416F00D36CE2 /* Build configuration list for PBXNativeTarget "Widget" */ = {
			isa = XCConfigurationList;
			buildConfigurations = (
				42ACE7911D80416F00D36CE2 /* Debug */,
				42ACE7921D80416F00D36CE2 /* Release */,
			);
			defaultConfigurationIsVisible = 0;
			defaultConfigurationName = Release;
		};
/* End XCConfigurationList section */
	};
	rootObject = 42ACE7601D80414F00D36CE2 /* Project object */;
}
